
Microsoft Visual Studio Solution File, Format Version 12.00
# Visual Studio 15
VisualStudioVersion = 15.0.27703.2035
MinimumVisualStudioVersion = 10.0.40219.1
Project("{9A19103F-16F7-4668-BE54-9A1E7A4F7556}") = "POC.OneDriveForBusiness", "POC.OneDriveForBusiness\POC.OneDriveForBusiness.csproj", "{003F5B0A-EAFE-47AC-AFCA-6F14B7CF7BBF}"
EndProject
Project("{FAE04EC0-301F-11D3-BF4B-00C04F79EFBC}") = "POC.BatchRequests", "POC.BatchRequests\POC.BatchRequests.csproj", "{4BC1142E-0C2E-4BFA-8B47-273B3A6B11EB}"
EndProject
Project("{FAE04EC0-301F-11D3-BF4B-00C04F79EFBC}") = "POC.BatchRequests.Tests", "POC.BatchRequests.Tests\POC.BatchRequests.Tests.csproj", "{448A3AFC-44FE-480C-B1F8-9E95268692CF}"
EndProject
Global
	GlobalSection(SolutionConfigurationPlatforms) = preSolution
		Debug|Any CPU = Debug|Any CPU
		Release|Any CPU = Release|Any CPU
	EndGlobalSection
	GlobalSection(ProjectConfigurationPlatforms) = postSolution
		{003F5B0A-EAFE-47AC-AFCA-6F14B7CF7BBF}.Debug|Any CPU.ActiveCfg = Debug|Any CPU
		{003F5B0A-EAFE-47AC-AFCA-6F14B7CF7BBF}.Debug|Any CPU.Build.0 = Debug|Any CPU
		{003F5B0A-EAFE-47AC-AFCA-6F14B7CF7BBF}.Release|Any CPU.ActiveCfg = Release|Any CPU
		{003F5B0A-EAFE-47AC-AFCA-6F14B7CF7BBF}.Release|Any CPU.Build.0 = Release|Any CPU
		{4BC1142E-0C2E-4BFA-8B47-273B3A6B11EB}.Debug|Any CPU.ActiveCfg = Debug|Any CPU
		{4BC1142E-0C2E-4BFA-8B47-273B3A6B11EB}.Debug|Any CPU.Build.0 = Debug|Any CPU
		{4BC1142E-0C2E-4BFA-8B47-273B3A6B11EB}.Release|Any CPU.ActiveCfg = Release|Any CPU
		{4BC1142E-0C2E-4BFA-8B47-273B3A6B11EB}.Release|Any CPU.Build.0 = Release|Any CPU
		{448A3AFC-44FE-480C-B1F8-9E95268692CF}.Debug|Any CPU.ActiveCfg = Debug|Any CPU
		{448A3AFC-44FE-480C-B1F8-9E95268692CF}.Debug|Any CPU.Build.0 = Debug|Any CPU
		{448A3AFC-44FE-480C-B1F8-9E95268692CF}.Release|Any CPU.ActiveCfg = Release|Any CPU
		{448A3AFC-44FE-480C-B1F8-9E95268692CF}.Release|Any CPU.Build.0 = Release|Any CPU
	EndGlobalSection
	GlobalSection(SolutionProperties) = preSolution
		HideSolutionNode = FALSE
	EndGlobalSection
	GlobalSection(ExtensibilityGlobals) = postSolution
		SolutionGuid = {AD262987-A84E-4A96-986F-6586BD7AB92A}
	EndGlobalSection
EndGlobal
