
Microsoft Visual Studio Solution File, Format Version 12.00
# Visual Studio 15
VisualStudioVersion = 15.0.27703.2035
MinimumVisualStudioVersion = 10.0.40219.1
Project("{FAE04EC0-301F-11D3-BF4B-00C04F79EFBC}") = "POC.OneDriveForBusiness", "POC.OneDriveForBusiness\POC.OneDriveForBusiness.csproj", "{003F5B0A-EAFE-47AC-AFCA-6F14B7CF7BBF}"
EndProject
Global
	GlobalSection(SolutionConfigurationPlatforms) = preSolution
		Debug|Any CPU = Debug|Any CPU
		Release|Any CPU = Release|Any CPU
	EndGlobalSection
	GlobalSection(ProjectConfigurationPlatforms) = postSolution
		{003F5B0A-EAFE-47AC-AFCA-6F14B7CF7BBF}.Debug|Any CPU.ActiveCfg = Debug|Any CPU
		{003F5B0A-EAFE-47AC-AFCA-6F14B7CF7BBF}.Debug|Any CPU.Build.0 = Debug|Any CPU
		{003F5B0A-EAFE-47AC-AFCA-6F14B7CF7BBF}.Release|Any CPU.ActiveCfg = Release|Any CPU
		{003F5B0A-EAFE-47AC-AFCA-6F14B7CF7BBF}.Release|Any CPU.Build.0 = Release|Any CPU
	EndGlobalSection
	GlobalSection(SolutionProperties) = preSolution
		HideSolutionNode = FALSE
	EndGlobalSection
	GlobalSection(ExtensibilityGlobals) = postSolution
		SolutionGuid = {AD262987-A84E-4A96-986F-6586BD7AB92A}
	EndGlobalSection
EndGlobal
