
Microsoft Visual Studio Solution File, Format Version 12.00
# Visual Studio 15
VisualStudioVersion = 15.0.28010.2026
MinimumVisualStudioVersion = 10.0.40219.1
Project("{9A19103F-16F7-4668-BE54-9A1E7A4F7556}") = "LobAccelerator.App", "LobAccelerator.App\LobAccelerator.App.csproj", "{1B7B962B-FBE9-4AA9-B716-97568FDB81E6}"
EndProject
Project("{9A19103F-16F7-4668-BE54-9A1E7A4F7556}") = "LobAccelerator.SchemaGenerator", "LobAccelerator.SchemaGenerator\LobAccelerator.SchemaGenerator.csproj", "{E78A87E9-B36C-4458-AA44-F210F309C976}"
EndProject
Project("{FAE04EC0-301F-11D3-BF4B-00C04F79EFBC}") = "LobAccelerator.Library", "LobAccelerator.Library\LobAccelerator.Library.csproj", "{E86291B8-93D0-4DFC-A2EC-B597900314D9}"
EndProject
Project("{FAE04EC0-301F-11D3-BF4B-00C04F79EFBC}") = "LobAccelerator.Library.Tests", "LobAccelerator.Library.Tests\LobAccelerator.Library.Tests.csproj", "{289D3FC3-2B84-417A-97BB-A41E71D52A07}"
EndProject
Global
	GlobalSection(SolutionConfigurationPlatforms) = preSolution
		Debug|Any CPU = Debug|Any CPU
		Release|Any CPU = Release|Any CPU
	EndGlobalSection
	GlobalSection(ProjectConfigurationPlatforms) = postSolution
		{1B7B962B-FBE9-4AA9-B716-97568FDB81E6}.Debug|Any CPU.ActiveCfg = Debug|Any CPU
		{1B7B962B-FBE9-4AA9-B716-97568FDB81E6}.Debug|Any CPU.Build.0 = Debug|Any CPU
		{1B7B962B-FBE9-4AA9-B716-97568FDB81E6}.Release|Any CPU.ActiveCfg = Release|Any CPU
		{1B7B962B-FBE9-4AA9-B716-97568FDB81E6}.Release|Any CPU.Build.0 = Release|Any CPU
		{E78A87E9-B36C-4458-AA44-F210F309C976}.Debug|Any CPU.ActiveCfg = Debug|Any CPU
		{E78A87E9-B36C-4458-AA44-F210F309C976}.Debug|Any CPU.Build.0 = Debug|Any CPU
		{E78A87E9-B36C-4458-AA44-F210F309C976}.Release|Any CPU.ActiveCfg = Release|Any CPU
		{E78A87E9-B36C-4458-AA44-F210F309C976}.Release|Any CPU.Build.0 = Release|Any CPU
		{E86291B8-93D0-4DFC-A2EC-B597900314D9}.Debug|Any CPU.ActiveCfg = Debug|Any CPU
		{E86291B8-93D0-4DFC-A2EC-B597900314D9}.Debug|Any CPU.Build.0 = Debug|Any CPU
		{E86291B8-93D0-4DFC-A2EC-B597900314D9}.Release|Any CPU.ActiveCfg = Release|Any CPU
		{E86291B8-93D0-4DFC-A2EC-B597900314D9}.Release|Any CPU.Build.0 = Release|Any CPU
		{289D3FC3-2B84-417A-97BB-A41E71D52A07}.Debug|Any CPU.ActiveCfg = Debug|Any CPU
		{289D3FC3-2B84-417A-97BB-A41E71D52A07}.Debug|Any CPU.Build.0 = Debug|Any CPU
		{289D3FC3-2B84-417A-97BB-A41E71D52A07}.Release|Any CPU.ActiveCfg = Release|Any CPU
		{289D3FC3-2B84-417A-97BB-A41E71D52A07}.Release|Any CPU.Build.0 = Release|Any CPU
	EndGlobalSection
	GlobalSection(SolutionProperties) = preSolution
		HideSolutionNode = FALSE
	EndGlobalSection
	GlobalSection(ExtensibilityGlobals) = postSolution
		SolutionGuid = {701B5B15-557A-4D0D-93B6-6DF777F8210F}
	EndGlobalSection
EndGlobal
